
Microsoft Visual Studio Solution File, Format Version 12.00
# Visual Studio Version 17
VisualStudioVersion = 17.7.34024.191
MinimumVisualStudioVersion = 10.0.40219.1
Project("{FAE04EC0-301F-11D3-BF4B-00C04F79EFBC}") = "week4", "week4\week4.csproj", "{D722F289-FBE0-4ABD-9361-C4BB2FC07A57}"
EndProject
Global
	GlobalSection(SolutionConfigurationPlatforms) = preSolution
		Debug|Any CPU = Debug|Any CPU
		Release|Any CPU = Release|Any CPU
	EndGlobalSection
	GlobalSection(ProjectConfigurationPlatforms) = postSolution
		{D722F289-FBE0-4ABD-9361-C4BB2FC07A57}.Debug|Any CPU.ActiveCfg = Debug|Any CPU
		{D722F289-FBE0-4ABD-9361-C4BB2FC07A57}.Debug|Any CPU.Build.0 = Debug|Any CPU
		{D722F289-FBE0-4ABD-9361-C4BB2FC07A57}.Release|Any CPU.ActiveCfg = Release|Any CPU
		{D722F289-FBE0-4ABD-9361-C4BB2FC07A57}.Release|Any CPU.Build.0 = Release|Any CPU
	EndGlobalSection
	GlobalSection(SolutionProperties) = preSolution
		HideSolutionNode = FALSE
	EndGlobalSection
	GlobalSection(ExtensibilityGlobals) = postSolution
		SolutionGuid = {1D5C7731-323D-4451-BE52-4500E39EA0A6}
	EndGlobalSection
EndGlobal
